{
  "version": 1,
  "dependencies": {
    "net8.0": {
      "DotNet.ReproducibleBuilds": {
        "type": "Direct",
        "requested": "[1.2.25, )",
        "resolved": "1.2.25",
        "contentHash": "xCXiw7BCxHJ8pF6wPepRUddlh2dlQlbr81gXA72hdk4FLHkKXas7EH/n+fk5UCA/YfMqG1Z6XaPiUjDbUNBUzg=="
      },
      "keeper.framework.collections": {
        "type": "Project",
        "dependencies": {
          "Keeper.Framework.Collections.Abstractions": "[1.0.0, )"
        }
      },
      "keeper.framework.collections.abstractions": {
        "type": "Project"
      },
      "keeper.framework.extensions.collections": {
        "type": "Project",
        "dependencies": {
          "Keeper.Framework.Collections": "[1.0.0, )"
        }
      },
      "keeper.framework.extensions.streams": {
        "type": "Project",
        "dependencies": {
          "Keeper.Framework.Extensions.Collections": "[1.0.0, )"
        }
      }
    }
  }
}